// !$*UTF8*$!
{
	archiveVersion = 1;
	classes = {
	};
	objectVersion = 70;
	objects = {

/* Begin PBXBuildFile section */
		1E4B86E42E844C82000D679C /* FusionENSShared in Frameworks */ = {isa = PBXBuildFile; productRef = 1E4B86E32E844C82000D679C /* FusionENSShared */; };
		1E4B86E62E844C8A000D679C /* FusionENSShared in Frameworks */ = {isa = PBXBuildFile; productRef = 1E4B86E52E844C8A000D679C /* FusionENSShared */; };
		1E770F5C2E93C20000801033 /* FusionENSShared in Frameworks */ = {isa = PBXBuildFile; productRef = 1E770F5B2E93C20000801033 /* FusionENSShared */; };
		1E7715832E6579B3005914E9 /* UIHelpers.swift in Sources */ = {isa = PBXBuildFile; fileRef = A1BB89972A59B85B0038A0E0 /* UIHelpers.swift */; };
		1E9AA2042E7ACF6800FEA0D4 /* FusionENSUIKitKeyboard.appex in Embed Foundation Extensions */ = {isa = PBXBuildFile; fileRef = 1E9AA1FD2E7ACF6800FEA0D4 /* FusionENSUIKitKeyboard.appex */; settings = {ATTRIBUTES = (RemoveHeadersOnCopy, ); }; };
		1E9AA2172E7AFB0800FEA0D4 /* Alamofire in Frameworks */ = {isa = PBXBuildFile; productRef = 1E9AA2162E7AFB0800FEA0D4 /* Alamofire */; };
		1E9AA22A2E7C0F1500FEA0D4 /* APICaller.swift in Sources */ = {isa = PBXBuildFile; fileRef = 1E9AA2272E7C0F1500FEA0D4 /* APICaller.swift */; };
		1E9AA22B2E7C0F1500FEA0D4 /* HelperClass.swift in Sources */ = {isa = PBXBuildFile; fileRef = 1E9AA2282E7C0F1500FEA0D4 /* HelperClass.swift */; };
		1E9AA22C2E7C0F1500FEA0D4 /* URLS.swift in Sources */ = {isa = PBXBuildFile; fileRef = 1E9AA2292E7C0F1500FEA0D4 /* URLS.swift */; };
		1E9AA22D2E7C0F1500FEA0D4 /* APICaller.swift in Sources */ = {isa = PBXBuildFile; fileRef = 1E9AA2272E7C0F1500FEA0D4 /* APICaller.swift */; };
		1E9AA22E2E7C0F1500FEA0D4 /* HelperClass.swift in Sources */ = {isa = PBXBuildFile; fileRef = 1E9AA2282E7C0F1500FEA0D4 /* HelperClass.swift */; };
		1E9AA22F2E7C0F1500FEA0D4 /* URLS.swift in Sources */ = {isa = PBXBuildFile; fileRef = 1E9AA2292E7C0F1500FEA0D4 /* URLS.swift */; };
		1E9AA2302E7C0F1500FEA0D4 /* APICaller.swift in Sources */ = {isa = PBXBuildFile; fileRef = 1E9AA2272E7C0F1500FEA0D4 /* APICaller.swift */; };
		1E9AA2312E7C0F1500FEA0D4 /* HelperClass.swift in Sources */ = {isa = PBXBuildFile; fileRef = 1E9AA2282E7C0F1500FEA0D4 /* HelperClass.swift */; };
		1E9AA2322E7C0F1500FEA0D4 /* URLS.swift in Sources */ = {isa = PBXBuildFile; fileRef = 1E9AA2292E7C0F1500FEA0D4 /* URLS.swift */; };
		1EE787172E79896F000E62E3 /* SafeCopyViewController.swift in Sources */ = {isa = PBXBuildFile; fileRef = 1EE787162E79896F000E62E3 /* SafeCopyViewController.swift */; };
		A1338FE9298ABB02007DC669 /* AppDelegate.swift in Sources */ = {isa = PBXBuildFile; fileRef = A1338FE8298ABB02007DC669 /* AppDelegate.swift */; };
		A1338FEB298ABB02007DC669 /* SceneDelegate.swift in Sources */ = {isa = PBXBuildFile; fileRef = A1338FEA298ABB02007DC669 /* SceneDelegate.swift */; };
		A1338FED298ABB02007DC669 /* GettingStartedVC.swift in Sources */ = {isa = PBXBuildFile; fileRef = A1338FEC298ABB02007DC669 /* GettingStartedVC.swift */; };
		A1338FF0298ABB02007DC669 /* Main.storyboard in Resources */ = {isa = PBXBuildFile; fileRef = A1338FEE298ABB02007DC669 /* Main.storyboard */; };
		A1338FF2298ABB06007DC669 /* Assets.xcassets in Resources */ = {isa = PBXBuildFile; fileRef = A1338FF1298ABB06007DC669 /* Assets.xcassets */; };
		A1338FF5298ABB06007DC669 /* LaunchScreen.storyboard in Resources */ = {isa = PBXBuildFile; fileRef = A1338FF3298ABB06007DC669 /* LaunchScreen.storyboard */; };
		A1339003298ABB64007DC669 /* KeyboardViewController.swift in Sources */ = {isa = PBXBuildFile; fileRef = A1339002298ABB64007DC669 /* KeyboardViewController.swift */; };
		A1339007298ABB64007DC669 /* FusionENSKeyboard.appex in Embed Foundation Extensions */ = {isa = PBXBuildFile; fileRef = A1339000298ABB64007DC669 /* FusionENSKeyboard.appex */; settings = {ATTRIBUTES = (RemoveHeadersOnCopy, ); }; };
		A1339015298ABF82007DC669 /* FusionENSAutoCompleteProvider.swift in Sources */ = {isa = PBXBuildFile; fileRef = A1339014298ABF82007DC669 /* FusionENSAutoCompleteProvider.swift */; };
		A1339017298AC072007DC669 /* FusionENSKeyboardAppearance.swift in Sources */ = {isa = PBXBuildFile; fileRef = A1339016298AC072007DC669 /* FusionENSKeyboardAppearance.swift */; };
		A1339019298AC0D6007DC669 /* FusionENSKeyboardActionHandler.swift in Sources */ = {isa = PBXBuildFile; fileRef = A1339018298AC0D6007DC669 /* FusionENSKeyboardActionHandler.swift */; };
		A133901B298AC232007DC669 /* FusionENSKeyboardLayoutProvider.swift in Sources */ = {isa = PBXBuildFile; fileRef = A133901A298AC232007DC669 /* FusionENSKeyboardLayoutProvider.swift */; };
		A133901D298AC290007DC669 /* KeyboardView.swift in Sources */ = {isa = PBXBuildFile; fileRef = A133901C298AC290007DC669 /* KeyboardView.swift */; };
		A17DFA862A48F93E003FB8B5 /* KeyboardKit in Frameworks */ = {isa = PBXBuildFile; productRef = A17DFA852A48F93E003FB8B5 /* KeyboardKit */; };
		A17DFA882A48F950003FB8B5 /* KeyboardKit in Frameworks */ = {isa = PBXBuildFile; productRef = A17DFA872A48F950003FB8B5 /* KeyboardKit */; };
		A1BB89902A599A820038A0E0 /* SnapKit in Frameworks */ = {isa = PBXBuildFile; productRef = A1BB898F2A599A820038A0E0 /* SnapKit */; };
		A1BB89942A59AA3A0038A0E0 /* Poppins-Bold.ttf in Resources */ = {isa = PBXBuildFile; fileRef = A1BB89922A59AA390038A0E0 /* Poppins-Bold.ttf */; };
		A1BB89952A59AA3A0038A0E0 /* Poppins-Regular.ttf in Resources */ = {isa = PBXBuildFile; fileRef = A1BB89932A59AA3A0038A0E0 /* Poppins-Regular.ttf */; };
		A1BB899B2A59C3AF0038A0E0 /* FusionENSButton.swift in Sources */ = {isa = PBXBuildFile; fileRef = A1BB899A2A59C3AF0038A0E0 /* FusionENSButton.swift */; };
		A1BB899E2A5A0A120038A0E0 /* GettingStartedVC_Page2.swift in Sources */ = {isa = PBXBuildFile; fileRef = A1BB899D2A5A0A120038A0E0 /* GettingStartedVC_Page2.swift */; };
		A1BB89A02A5ABD610038A0E0 /* GettingStartedVC_Page3.swift in Sources */ = {isa = PBXBuildFile; fileRef = A1BB899F2A5ABD610038A0E0 /* GettingStartedVC_Page3.swift */; };
		A1BCEF1D2A490A3600A0D0C4 /* Alamofire in Frameworks */ = {isa = PBXBuildFile; productRef = A1BCEF1C2A490A3600A0D0C4 /* Alamofire */; };
		A1BCEF1F2A490A5E00A0D0C4 /* Alamofire in Frameworks */ = {isa = PBXBuildFile; productRef = A1BCEF1E2A490A5E00A0D0C4 /* Alamofire */; };
		NEW0012A490A3600A0D0C4 /* ENSManagerViewController.swift in Sources */ = {isa = PBXBuildFile; fileRef = NEW0011A490A3600A0D0C4 /* ENSManagerViewController.swift */; };
		NEW0022A490A3600A0D0C4 /* ENSNameTableViewCell.swift in Sources */ = {isa = PBXBuildFile; fileRef = NEW0021A490A3600A0D0C4 /* ENSNameTableViewCell.swift */; };
		NEW0032A490A3600A0D0C4 /* AddENSNameViewController.swift in Sources */ = {isa = PBXBuildFile; fileRef = NEW0031A490A3600A0D0C4 /* AddENSNameViewController.swift */; };
		NEW0033A490A3600A0D0C4 /* AddContactViewController.swift in Sources */ = {isa = PBXBuildFile; fileRef = NEW0034A490A3600A0D0C4 /* AddContactViewController.swift */; };
		NEW0042A490A3600A0D0C4 /* PaymentRequestViewController.swift in Sources */ = {isa = PBXBuildFile; fileRef = NEW0041A490A3600A0D0C4 /* PaymentRequestViewController.swift */; };
		NEW0052A490A3600A0D0C4 /* QRSuccessPopupViewController.swift in Sources */ = {isa = PBXBuildFile; fileRef = NEW0051A490A3600A0D0C4 /* QRSuccessPopupViewController.swift */; };
		NEW0062A490A3600A0D0C4 /* SettingsViewController.swift in Sources */ = {isa = PBXBuildFile; fileRef = NEW0061A490A3600A0D0C4 /* SettingsViewController.swift */; };
		NEW0072A490A3600A0D0C4 /* ContactsViewController.swift in Sources */ = {isa = PBXBuildFile; fileRef = NEW0071A490A3600A0D0C4 /* ContactsViewController.swift */; };
		NEW0082A490A3600A0D0C4 /* MainTabBarController.swift in Sources */ = {isa = PBXBuildFile; fileRef = NEW0081A490A3600A0D0C4 /* MainTabBarController.swift */; };
		NEW0092A490A3600A0D0C4 /* ColorTheme.swift in Sources */ = {isa = PBXBuildFile; fileRef = NEW0091A490A3600A0D0C4 /* ColorTheme.swift */; };
		NEW0102A490A3600A0D0C4 /* KeyboardGuideViewController.swift in Sources */ = {isa = PBXBuildFile; fileRef = NEW0101A490A3600A0D0C4 /* KeyboardGuideViewController.swift */; };
		NEW0112A490A3600A0D0C4 /* Basic Keyboard.mp4 in Resources */ = {isa = PBXBuildFile; fileRef = NEW0111A490A3600A0D0C4 /* Basic Keyboard.mp4 */; };
		NEW0122A490A3600A0D0C4 /* Pro Keyboard.mp4 in Resources */ = {isa = PBXBuildFile; fileRef = NEW0121A490A3600A0D0C4 /* Pro Keyboard.mp4 */; };
/* End PBXBuildFile section */

/* Begin PBXContainerItemProxy section */
		1E770F4A2E93B76D00801033 /* PBXContainerItemProxy */ = {
			isa = PBXContainerItemProxy;
			containerPortal = A1338FDD298ABB02007DC669 /* Project object */;
			proxyType = 1;
			remoteGlobalIDString = A1338FE4298ABB02007DC669;
			remoteInfo = "Fusion ENS";
		};
		1E9AA2022E7ACF6800FEA0D4 /* PBXContainerItemProxy */ = {
			isa = PBXContainerItemProxy;
			containerPortal = A1338FDD298ABB02007DC669 /* Project object */;
			proxyType = 1;
			remoteGlobalIDString = 1E9AA1FC2E7ACF6800FEA0D4;
			remoteInfo = FusionENSUIKitKeyboard;
		};
		A1339005298ABB64007DC669 /* PBXContainerItemProxy */ = {
			isa = PBXContainerItemProxy;
			containerPortal = A1338FDD298ABB02007DC669 /* Project object */;
			proxyType = 1;
			remoteGlobalIDString = A1338FFF298ABB64007DC669;
			remoteInfo = FusionENSKeyboard;
		};
/* End PBXContainerItemProxy section */

/* Begin PBXCopyFilesBuildPhase section */
		A133900B298ABB64007DC669 /* Embed Foundation Extensions */ = {
			isa = PBXCopyFilesBuildPhase;
			buildActionMask = 2147483647;
			dstPath = "";
			dstSubfolderSpec = 13;
			files = (
				A1339007298ABB64007DC669 /* FusionENSKeyboard.appex in Embed Foundation Extensions */,
				1E9AA2042E7ACF6800FEA0D4 /* FusionENSUIKitKeyboard.appex in Embed Foundation Extensions */,
			);
			name = "Embed Foundation Extensions";
			runOnlyForDeploymentPostprocessing = 0;
		};
		A1BB898D2A5998CA0038A0E0 /* Embed Frameworks */ = {
			isa = PBXCopyFilesBuildPhase;
			buildActionMask = 2147483647;
			dstPath = "";
			dstSubfolderSpec = 10;
			files = (
			);
			name = "Embed Frameworks";
			runOnlyForDeploymentPostprocessing = 0;
		};
/* End PBXCopyFilesBuildPhase section */

/* Begin PBXFileReference section */
		1E770F462E93B76D00801033 /* FusionENSTests.xctest */ = {isa = PBXFileReference; explicitFileType = wrapper.cfbundle; includeInIndex = 0; path = FusionENSTests.xctest; sourceTree = BUILT_PRODUCTS_DIR; };
		1E9AA1FD2E7ACF6800FEA0D4 /* FusionENSUIKitKeyboard.appex */ = {isa = PBXFileReference; explicitFileType = "wrapper.app-extension"; includeInIndex = 0; path = FusionENSUIKitKeyboard.appex; sourceTree = BUILT_PRODUCTS_DIR; };
		1E9AA2152E7AD8B800FEA0D4 /* FusionENSKeyboard.entitlements */ = {isa = PBXFileReference; lastKnownFileType = text.plist.entitlements; path = FusionENSKeyboard.entitlements; sourceTree = "<group>"; };
		1E9AA2272E7C0F1500FEA0D4 /* APICaller.swift */ = {isa = PBXFileReference; lastKnownFileType = sourcecode.swift; path = APICaller.swift; sourceTree = "<group>"; };
		1E9AA2282E7C0F1500FEA0D4 /* HelperClass.swift */ = {isa = PBXFileReference; lastKnownFileType = sourcecode.swift; path = HelperClass.swift; sourceTree = "<group>"; };
		1E9AA2292E7C0F1500FEA0D4 /* URLS.swift */ = {isa = PBXFileReference; lastKnownFileType = sourcecode.swift; path = URLS.swift; sourceTree = "<group>"; };
		1E9AD9C12E86BA8400F4FECD /* Fusion ENS.entitlements */ = {isa = PBXFileReference; lastKnownFileType = text.plist.entitlements; path = "Fusion ENS.entitlements"; sourceTree = "<group>"; };
		1EE787162E79896F000E62E3 /* SafeCopyViewController.swift */ = {isa = PBXFileReference; lastKnownFileType = sourcecode.swift; path = SafeCopyViewController.swift; sourceTree = "<group>"; };
		A1338FE5298ABB02007DC669 /* Fusion ENS.app */ = {isa = PBXFileReference; explicitFileType = wrapper.application; includeInIndex = 0; path = "Fusion ENS.app"; sourceTree = BUILT_PRODUCTS_DIR; };
		A1338FE8298ABB02007DC669 /* AppDelegate.swift */ = {isa = PBXFileReference; lastKnownFileType = sourcecode.swift; path = AppDelegate.swift; sourceTree = "<group>"; };
		A1338FEA298ABB02007DC669 /* SceneDelegate.swift */ = {isa = PBXFileReference; lastKnownFileType = sourcecode.swift; path = SceneDelegate.swift; sourceTree = "<group>"; };
		A1338FEC298ABB02007DC669 /* GettingStartedVC.swift */ = {isa = PBXFileReference; lastKnownFileType = sourcecode.swift; path = GettingStartedVC.swift; sourceTree = "<group>"; };
		A1338FEF298ABB02007DC669 /* Base */ = {isa = PBXFileReference; lastKnownFileType = file.storyboard; name = Base; path = Base.lproj/Main.storyboard; sourceTree = "<group>"; };
		A1338FF1298ABB06007DC669 /* Assets.xcassets */ = {isa = PBXFileReference; lastKnownFileType = folder.assetcatalog; path = Assets.xcassets; sourceTree = "<group>"; };
		A1338FF4298ABB06007DC669 /* Base */ = {isa = PBXFileReference; lastKnownFileType = file.storyboard; name = Base; path = Base.lproj/LaunchScreen.storyboard; sourceTree = "<group>"; };
		A1338FF6298ABB06007DC669 /* Info.plist */ = {isa = PBXFileReference; lastKnownFileType = text.plist.xml; path = Info.plist; sourceTree = "<group>"; };
		A1339000298ABB64007DC669 /* FusionENSKeyboard.appex */ = {isa = PBXFileReference; explicitFileType = "wrapper.app-extension"; includeInIndex = 0; path = FusionENSKeyboard.appex; sourceTree = BUILT_PRODUCTS_DIR; };
		A1339002298ABB64007DC669 /* KeyboardViewController.swift */ = {isa = PBXFileReference; lastKnownFileType = sourcecode.swift; path = KeyboardViewController.swift; sourceTree = "<group>"; };
		A1339004298ABB64007DC669 /* Info.plist */ = {isa = PBXFileReference; lastKnownFileType = text.plist.xml; path = Info.plist; sourceTree = "<group>"; };
		A1339014298ABF82007DC669 /* FusionENSAutoCompleteProvider.swift */ = {isa = PBXFileReference; lastKnownFileType = sourcecode.swift; path = FusionENSAutoCompleteProvider.swift; sourceTree = "<group>"; };
		A1339016298AC072007DC669 /* FusionENSKeyboardAppearance.swift */ = {isa = PBXFileReference; lastKnownFileType = sourcecode.swift; path = FusionENSKeyboardAppearance.swift; sourceTree = "<group>"; };
		A1339018298AC0D6007DC669 /* FusionENSKeyboardActionHandler.swift */ = {isa = PBXFileReference; lastKnownFileType = sourcecode.swift; path = FusionENSKeyboardActionHandler.swift; sourceTree = "<group>"; };
		A133901A298AC232007DC669 /* FusionENSKeyboardLayoutProvider.swift */ = {isa = PBXFileReference; lastKnownFileType = sourcecode.swift; path = FusionENSKeyboardLayoutProvider.swift; sourceTree = "<group>"; };
		A133901C298AC290007DC669 /* KeyboardView.swift */ = {isa = PBXFileReference; lastKnownFileType = sourcecode.swift; path = KeyboardView.swift; sourceTree = "<group>"; };
		A13B1D412A4A26A800463E17 /* KeyboardKit */ = {isa = PBXFileReference; lastKnownFileType = wrapper; name = KeyboardKit; path = ../GitHub/KeyboardKit; sourceTree = "<group>"; };
		A1BB89922A59AA390038A0E0 /* Poppins-Bold.ttf */ = {isa = PBXFileReference; lastKnownFileType = file; path = "Poppins-Bold.ttf"; sourceTree = "<group>"; };
		A1BB89932A59AA3A0038A0E0 /* Poppins-Regular.ttf */ = {isa = PBXFileReference; lastKnownFileType = file; path = "Poppins-Regular.ttf"; sourceTree = "<group>"; };
		A1BB89972A59B85B0038A0E0 /* UIHelpers.swift */ = {isa = PBXFileReference; lastKnownFileType = sourcecode.swift; path = UIHelpers.swift; sourceTree = "<group>"; };
		A1BB899A2A59C3AF0038A0E0 /* FusionENSButton.swift */ = {isa = PBXFileReference; lastKnownFileType = sourcecode.swift; path = FusionENSButton.swift; sourceTree = "<group>"; };
		A1BB899D2A5A0A120038A0E0 /* GettingStartedVC_Page2.swift */ = {isa = PBXFileReference; lastKnownFileType = sourcecode.swift; path = GettingStartedVC_Page2.swift; sourceTree = "<group>"; };
		A1BB899F2A5ABD610038A0E0 /* GettingStartedVC_Page3.swift */ = {isa = PBXFileReference; lastKnownFileType = sourcecode.swift; path = GettingStartedVC_Page3.swift; sourceTree = "<group>"; };
		A1BB89A12A5AC2720038A0E0 /* FusionENSAppRelease.entitlements */ = {isa = PBXFileReference; lastKnownFileType = text.plist.entitlements; path = FusionENSAppRelease.entitlements; sourceTree = "<group>"; };
		NEW0011A490A3600A0D0C4 /* ENSManagerViewController.swift */ = {isa = PBXFileReference; lastKnownFileType = sourcecode.swift; path = ENSManagerViewController.swift; sourceTree = "<group>"; };
		NEW0021A490A3600A0D0C4 /* ENSNameTableViewCell.swift */ = {isa = PBXFileReference; lastKnownFileType = sourcecode.swift; path = ENSNameTableViewCell.swift; sourceTree = "<group>"; };
		NEW0031A490A3600A0D0C4 /* AddENSNameViewController.swift */ = {isa = PBXFileReference; lastKnownFileType = sourcecode.swift; path = AddENSNameViewController.swift; sourceTree = "<group>"; };
		NEW0034A490A3600A0D0C4 /* AddContactViewController.swift */ = {isa = PBXFileReference; lastKnownFileType = sourcecode.swift; path = AddContactViewController.swift; sourceTree = "<group>"; };
		NEW0041A490A3600A0D0C4 /* PaymentRequestViewController.swift */ = {isa = PBXFileReference; lastKnownFileType = sourcecode.swift; path = PaymentRequestViewController.swift; sourceTree = "<group>"; };
		NEW0051A490A3600A0D0C4 /* QRSuccessPopupViewController.swift */ = {isa = PBXFileReference; lastKnownFileType = sourcecode.swift; path = QRSuccessPopupViewController.swift; sourceTree = "<group>"; };
		NEW0061A490A3600A0D0C4 /* SettingsViewController.swift */ = {isa = PBXFileReference; lastKnownFileType = sourcecode.swift; path = SettingsViewController.swift; sourceTree = "<group>"; };
		NEW0071A490A3600A0D0C4 /* ContactsViewController.swift */ = {isa = PBXFileReference; lastKnownFileType = sourcecode.swift; path = ContactsViewController.swift; sourceTree = "<group>"; };
		NEW0081A490A3600A0D0C4 /* MainTabBarController.swift */ = {isa = PBXFileReference; lastKnownFileType = sourcecode.swift; path = MainTabBarController.swift; sourceTree = "<group>"; };
		NEW0091A490A3600A0D0C4 /* ColorTheme.swift */ = {isa = PBXFileReference; lastKnownFileType = sourcecode.swift; path = ColorTheme.swift; sourceTree = "<group>"; };
		NEW0101A490A3600A0D0C4 /* KeyboardGuideViewController.swift */ = {isa = PBXFileReference; lastKnownFileType = sourcecode.swift; path = KeyboardGuideViewController.swift; sourceTree = "<group>"; };
		NEW0111A490A3600A0D0C4 /* Basic Keyboard.mp4 */ = {isa = PBXFileReference; lastKnownFileType = file; path = "Basic Keyboard.mp4"; sourceTree = "<group>"; };
		NEW0121A490A3600A0D0C4 /* Pro Keyboard.mp4 */ = {isa = PBXFileReference; lastKnownFileType = file; path = "Pro Keyboard.mp4"; sourceTree = "<group>"; };
/* End PBXFileReference section */

/* Begin PBXFileSystemSynchronizedBuildFileExceptionSet section */
		1E9AA2052E7ACF6900FEA0D4 /* PBXFileSystemSynchronizedBuildFileExceptionSet */ = {
			isa = PBXFileSystemSynchronizedBuildFileExceptionSet;
			membershipExceptions = (
				Info.plist,
			);
			target = 1E9AA1FC2E7ACF6800FEA0D4 /* FusionENSUIKitKeyboard */;
		};
/* End PBXFileSystemSynchronizedBuildFileExceptionSet section */

/* Begin PBXFileSystemSynchronizedRootGroup section */
		1E770F472E93B76D00801033 /* FusionENSTests */ = {isa = PBXFileSystemSynchronizedRootGroup; explicitFileTypes = {}; explicitFolders = (); path = FusionENSTests; sourceTree = "<group>"; };
		1E9AA1FE2E7ACF6800FEA0D4 /* FusionENSUIKitKeyboard */ = {isa = PBXFileSystemSynchronizedRootGroup; exceptions = (1E9AA2052E7ACF6900FEA0D4 /* PBXFileSystemSynchronizedBuildFileExceptionSet */, ); explicitFileTypes = {}; explicitFolders = (); path = FusionENSUIKitKeyboard; sourceTree = "<group>"; };
/* End PBXFileSystemSynchronizedRootGroup section */

/* Begin PBXFrameworksBuildPhase section */
		1E770F432E93B76D00801033 /* Frameworks */ = {
			isa = PBXFrameworksBuildPhase;
			buildActionMask = 2147483647;
			files = (
				1E770F5C2E93C20000801033 /* FusionENSShared in Frameworks */,
			);
			runOnlyForDeploymentPostprocessing = 0;
		};
		1E9AA1FA2E7ACF6800FEA0D4 /* Frameworks */ = {
			isa = PBXFrameworksBuildPhase;
			buildActionMask = 2147483647;
			files = (
				1E4B86E62E844C8A000D679C /* FusionENSShared in Frameworks */,
				1E9AA2172E7AFB0800FEA0D4 /* Alamofire in Frameworks */,
			);
			runOnlyForDeploymentPostprocessing = 0;
		};
		A1338FE2298ABB02007DC669 /* Frameworks */ = {
			isa = PBXFrameworksBuildPhase;
			buildActionMask = 2147483647;
			files = (
				A1BB89902A599A820038A0E0 /* SnapKit in Frameworks */,
				A17DFA862A48F93E003FB8B5 /* KeyboardKit in Frameworks */,
				A1BCEF1D2A490A3600A0D0C4 /* Alamofire in Frameworks */,
			);
			runOnlyForDeploymentPostprocessing = 0;
		};
		A1338FFD298ABB64007DC669 /* Frameworks */ = {
			isa = PBXFrameworksBuildPhase;
			buildActionMask = 2147483647;
			files = (
				1E4B86E42E844C82000D679C /* FusionENSShared in Frameworks */,
				A17DFA882A48F950003FB8B5 /* KeyboardKit in Frameworks */,
				A1BCEF1F2A490A5E00A0D0C4 /* Alamofire in Frameworks */,
			);
			runOnlyForDeploymentPostprocessing = 0;
		};
/* End PBXFrameworksBuildPhase section */

/* Begin PBXGroup section */
		A1338FDC298ABB02007DC669 = {
			isa = PBXGroup;
			children = (
				1E9AD9C12E86BA8400F4FECD /* Fusion ENS.entitlements */,
				1E9AA2272E7C0F1500FEA0D4 /* APICaller.swift */,
				1E9AA2282E7C0F1500FEA0D4 /* HelperClass.swift */,
				1E9AA2292E7C0F1500FEA0D4 /* URLS.swift */,
				A17DFA822A48F915003FB8B5 /* Packages */,
				A1338FE7298ABB02007DC669 /* FusionENSApp */,
				A1339001298ABB64007DC669 /* FusionENSKeyboard */,
				1E9AA1FE2E7ACF6800FEA0D4 /* FusionENSUIKitKeyboard */,
				1E770F472E93B76D00801033 /* FusionENSTests */,
				A1338FE6298ABB02007DC669 /* Products */,
				A133900F298ABC90007DC669 /* Frameworks */,
			);
			sourceTree = "<group>";
		};
		A1338FE6298ABB02007DC669 /* Products */ = {
			isa = PBXGroup;
			children = (
				A1338FE5298ABB02007DC669 /* Fusion ENS.app */,
				A1339000298ABB64007DC669 /* FusionENSKeyboard.appex */,
				1E9AA1FD2E7ACF6800FEA0D4 /* FusionENSUIKitKeyboard.appex */,
				1E770F462E93B76D00801033 /* FusionENSTests.xctest */,
			);
			name = Products;
			sourceTree = "<group>";
		};
		A1338FE7298ABB02007DC669 /* FusionENSApp */ = {
			isa = PBXGroup;
			children = (
				A1BB89A12A5AC2720038A0E0 /* FusionENSAppRelease.entitlements */,
				NEW0111A490A3600A0D0C4 /* Basic Keyboard.mp4 */,
				NEW0121A490A3600A0D0C4 /* Pro Keyboard.mp4 */,
				A1BB899C2A5A09790038A0E0 /* ViewControllers */,
				A1BB89962A59B8200038A0E0 /* UIComponents */,
				A1BB89912A59AA160038A0E0 /* Fonts */,
				A1338FE8298ABB02007DC669 /* AppDelegate.swift */,
				A1338FEA298ABB02007DC669 /* SceneDelegate.swift */,
				A1338FEE298ABB02007DC669 /* Main.storyboard */,
				A1338FF1298ABB06007DC669 /* Assets.xcassets */,
				A1338FF3298ABB06007DC669 /* LaunchScreen.storyboard */,
				A1338FF6298ABB06007DC669 /* Info.plist */,
			);
			path = FusionENSApp;
			sourceTree = "<group>";
		};
		A1339001298ABB64007DC669 /* FusionENSKeyboard */ = {
			isa = PBXGroup;
			children = (
				1E9AA2152E7AD8B800FEA0D4 /* FusionENSKeyboard.entitlements */,
				A1339004298ABB64007DC669 /* Info.plist */,
				A1339002298ABB64007DC669 /* KeyboardViewController.swift */,
				A1339014298ABF82007DC669 /* FusionENSAutoCompleteProvider.swift */,
				A1339016298AC072007DC669 /* FusionENSKeyboardAppearance.swift */,
				A1339018298AC0D6007DC669 /* FusionENSKeyboardActionHandler.swift */,
				A133901A298AC232007DC669 /* FusionENSKeyboardLayoutProvider.swift */,
				A133901C298AC290007DC669 /* KeyboardView.swift */,
			);
			path = FusionENSKeyboard;
			sourceTree = "<group>";
		};
		A133900F298ABC90007DC669 /* Frameworks */ = {
			isa = PBXGroup;
			children = (
			);
			name = Frameworks;
			sourceTree = "<group>";
		};
		A17DFA822A48F915003FB8B5 /* Packages */ = {
			isa = PBXGroup;
			children = (
				A13B1D412A4A26A800463E17 /* KeyboardKit */,
			);
			name = Packages;
			sourceTree = "<group>";
		};
		A1BB89912A59AA160038A0E0 /* Fonts */ = {
			isa = PBXGroup;
			children = (
				A1BB89922A59AA390038A0E0 /* Poppins-Bold.ttf */,
				A1BB89932A59AA3A0038A0E0 /* Poppins-Regular.ttf */,
			);
			path = Fonts;
			sourceTree = "<group>";
		};
		A1BB89962A59B8200038A0E0 /* UIComponents */ = {
			isa = PBXGroup;
			children = (
				A1BB89992A59C39B0038A0E0 /* Components */,
				A1BB89972A59B85B0038A0E0 /* UIHelpers.swift */,
			);
			path = UIComponents;
			sourceTree = "<group>";
		};
		A1BB89992A59C39B0038A0E0 /* Components */ = {
			isa = PBXGroup;
			children = (
				A1BB899A2A59C3AF0038A0E0 /* FusionENSButton.swift */,
				NEW0091A490A3600A0D0C4 /* ColorTheme.swift */,
			);
			path = Components;
			sourceTree = "<group>";
		};
		A1BB899C2A5A09790038A0E0 /* ViewControllers */ = {
			isa = PBXGroup;
			children = (
				A1338FEC298ABB02007DC669 /* GettingStartedVC.swift */,
				A1BB899D2A5A0A120038A0E0 /* GettingStartedVC_Page2.swift */,
				A1BB899F2A5ABD610038A0E0 /* GettingStartedVC_Page3.swift */,
				NEW0011A490A3600A0D0C4 /* ENSManagerViewController.swift */,
				NEW0021A490A3600A0D0C4 /* ENSNameTableViewCell.swift */,
				NEW0031A490A3600A0D0C4 /* AddENSNameViewController.swift */,
				NEW0034A490A3600A0D0C4 /* AddContactViewController.swift */,
				NEW0041A490A3600A0D0C4 /* PaymentRequestViewController.swift */,
				NEW0051A490A3600A0D0C4 /* QRSuccessPopupViewController.swift */,
				NEW0061A490A3600A0D0C4 /* SettingsViewController.swift */,
				NEW0071A490A3600A0D0C4 /* ContactsViewController.swift */,
				NEW0081A490A3600A0D0C4 /* MainTabBarController.swift */,
				NEW0101A490A3600A0D0C4 /* KeyboardGuideViewController.swift */,
				1EE787162E79896F000E62E3 /* SafeCopyViewController.swift */,
			);
			path = ViewControllers;
			sourceTree = "<group>";
		};
/* End PBXGroup section */

/* Begin PBXNativeTarget section */
		1E770F452E93B76D00801033 /* FusionENSTests */ = {
			isa = PBXNativeTarget;
			buildConfigurationList = 1E770F4C2E93B76D00801033 /* Build configuration list for PBXNativeTarget "FusionENSTests" */;
			buildPhases = (
				1E770F422E93B76D00801033 /* Sources */,
				1E770F432E93B76D00801033 /* Frameworks */,
				1E770F442E93B76D00801033 /* Resources */,
			);
			buildRules = (
			);
			dependencies = (
				1E770F4B2E93B76D00801033 /* PBXTargetDependency */,
			);
			fileSystemSynchronizedGroups = (
				1E770F472E93B76D00801033 /* FusionENSTests */,
			);
			name = FusionENSTests;
			packageProductDependencies = (
				1E770F5B2E93C20000801033 /* FusionENSShared */,
			);
			productName = FusionENSTests;
			productReference = 1E770F462E93B76D00801033 /* FusionENSTests.xctest */;
			productType = "com.apple.product-type.bundle.unit-test";
		};
		1E9AA1FC2E7ACF6800FEA0D4 /* FusionENSUIKitKeyboard */ = {
			isa = PBXNativeTarget;
			buildConfigurationList = 1E9AA2062E7ACF6900FEA0D4 /* Build configuration list for PBXNativeTarget "FusionENSUIKitKeyboard" */;
			buildPhases = (
				1E9AA1F92E7ACF6800FEA0D4 /* Sources */,
				1E9AA1FA2E7ACF6800FEA0D4 /* Frameworks */,
				1E9AA1FB2E7ACF6800FEA0D4 /* Resources */,
			);
			buildRules = (
			);
			dependencies = (
			);
			fileSystemSynchronizedGroups = (
				1E9AA1FE2E7ACF6800FEA0D4 /* FusionENSUIKitKeyboard */,
			);
			name = FusionENSUIKitKeyboard;
			packageProductDependencies = (
				1E9AA2162E7AFB0800FEA0D4 /* Alamofire */,
				1E4B86E52E844C8A000D679C /* FusionENSShared */,
			);
			productName = FusionENSUIKitKeyboard;
			productReference = 1E9AA1FD2E7ACF6800FEA0D4 /* FusionENSUIKitKeyboard.appex */;
			productType = "com.apple.product-type.app-extension";
		};
		A1338FE4298ABB02007DC669 /* Fusion ENS */ = {
			isa = PBXNativeTarget;
			buildConfigurationList = A1338FF9298ABB06007DC669 /* Build configuration list for PBXNativeTarget "Fusion ENS" */;
			buildPhases = (
				A1338FE1298ABB02007DC669 /* Sources */,
				A1338FE2298ABB02007DC669 /* Frameworks */,
				A1338FE3298ABB02007DC669 /* Resources */,
				A133900B298ABB64007DC669 /* Embed Foundation Extensions */,
			);
			buildRules = (
			);
			dependencies = (
				A1339006298ABB64007DC669 /* PBXTargetDependency */,
				1E9AA2032E7ACF6800FEA0D4 /* PBXTargetDependency */,
			);
			name = "Fusion ENS";
			packageProductDependencies = (
				A17DFA852A48F93E003FB8B5 /* KeyboardKit */,
				A1BCEF1C2A490A3600A0D0C4 /* Alamofire */,
				A1BB898F2A599A820038A0E0 /* SnapKit */,
			);
			productName = FusionENSApp;
			productReference = A1338FE5298ABB02007DC669 /* Fusion ENS.app */;
			productType = "com.apple.product-type.application";
		};
		A1338FFF298ABB64007DC669 /* FusionENSKeyboard */ = {
			isa = PBXNativeTarget;
			buildConfigurationList = A1339008298ABB64007DC669 /* Build configuration list for PBXNativeTarget "FusionENSKeyboard" */;
			buildPhases = (
				A1338FFC298ABB64007DC669 /* Sources */,
				A1338FFD298ABB64007DC669 /* Frameworks */,
				A1338FFE298ABB64007DC669 /* Resources */,
				A1BB898D2A5998CA0038A0E0 /* Embed Frameworks */,
			);
			buildRules = (
			);
			dependencies = (
			);
			name = FusionENSKeyboard;
			packageProductDependencies = (
				A17DFA872A48F950003FB8B5 /* KeyboardKit */,
				A1BCEF1E2A490A5E00A0D0C4 /* Alamofire */,
				1E4B86E32E844C82000D679C /* FusionENSShared */,
			);
			productName = FusionENSKeyboard;
			productReference = A1339000298ABB64007DC669 /* FusionENSKeyboard.appex */;
			productType = "com.apple.product-type.app-extension";
		};
/* End PBXNativeTarget section */

/* Begin PBXProject section */
		A1338FDD298ABB02007DC669 /* Project object */ = {
			isa = PBXProject;
			attributes = {
				BuildIndependentTargetsInParallel = 1;
				LastSwiftUpdateCheck = 2600;
				LastUpgradeCheck = 2600;
				TargetAttributes = {
					1E770F452E93B76D00801033 = {
						CreatedOnToolsVersion = 26.0.1;
						TestTargetID = A1338FE4298ABB02007DC669;
					};
					1E9AA1FC2E7ACF6800FEA0D4 = {
						CreatedOnToolsVersion = 16.4;
					};
					A1338FE4298ABB02007DC669 = {
						CreatedOnToolsVersion = 14.0.1;
					};
					A1338FFF298ABB64007DC669 = {
						CreatedOnToolsVersion = 14.0.1;
					};
				};
			};
			buildConfigurationList = A1338FE0298ABB02007DC669 /* Build configuration list for PBXProject "Fusion ENS" */;
			compatibilityVersion = "Xcode 14.0";
			developmentRegion = en;
			hasScannedForEncodings = 0;
			knownRegions = (
				en,
				Base,
			);
			mainGroup = A1338FDC298ABB02007DC669;
			packageReferences = (
				A17DFA842A48F93E003FB8B5 /* XCRemoteSwiftPackageReference "KeyboardKit" */,
				A1BCEF1B2A490A3600A0D0C4 /* XCRemoteSwiftPackageReference "Alamofire" */,
				A1BB898E2A599A820038A0E0 /* XCRemoteSwiftPackageReference "SnapKit" */,
				1E4B86E22E844C79000D679C /* XCLocalSwiftPackageReference "FusionENSShared" */,
			);
			productRefGroup = A1338FE6298ABB02007DC669 /* Products */;
			projectDirPath = "";
			projectRoot = "";
			targets = (
				A1338FE4298ABB02007DC669 /* Fusion ENS */,
				A1338FFF298ABB64007DC669 /* FusionENSKeyboard */,
				1E9AA1FC2E7ACF6800FEA0D4 /* FusionENSUIKitKeyboard */,
				1E770F452E93B76D00801033 /* FusionENSTests */,
			);
		};
/* End PBXProject section */

/* Begin PBXResourcesBuildPhase section */
		1E770F442E93B76D00801033 /* Resources */ = {
			isa = PBXResourcesBuildPhase;
			buildActionMask = 2147483647;
			files = (
			);
			runOnlyForDeploymentPostprocessing = 0;
		};
		1E9AA1FB2E7ACF6800FEA0D4 /* Resources */ = {
			isa = PBXResourcesBuildPhase;
			buildActionMask = 2147483647;
			files = (
			);
			runOnlyForDeploymentPostprocessing = 0;
		};
		A1338FE3298ABB02007DC669 /* Resources */ = {
			isa = PBXResourcesBuildPhase;
			buildActionMask = 2147483647;
			files = (
				A1338FF5298ABB06007DC669 /* LaunchScreen.storyboard in Resources */,
				A1338FF2298ABB06007DC669 /* Assets.xcassets in Resources */,
				A1338FF0298ABB02007DC669 /* Main.storyboard in Resources */,
				A1BB89942A59AA3A0038A0E0 /* Poppins-Bold.ttf in Resources */,
				A1BB89952A59AA3A0038A0E0 /* Poppins-Regular.ttf in Resources */,
				NEW0112A490A3600A0D0C4 /* Basic Keyboard.mp4 in Resources */,
				NEW0122A490A3600A0D0C4 /* Pro Keyboard.mp4 in Resources */,
			);
			runOnlyForDeploymentPostprocessing = 0;
		};
		A1338FFE298ABB64007DC669 /* Resources */ = {
			isa = PBXResourcesBuildPhase;
			buildActionMask = 2147483647;
			files = (
			);
			runOnlyForDeploymentPostprocessing = 0;
		};
/* End PBXResourcesBuildPhase section */

/* Begin PBXSourcesBuildPhase section */
		1E770F422E93B76D00801033 /* Sources */ = {
			isa = PBXSourcesBuildPhase;
			buildActionMask = 2147483647;
			files = (
			);
			runOnlyForDeploymentPostprocessing = 0;
		};
		1E9AA1F92E7ACF6800FEA0D4 /* Sources */ = {
			isa = PBXSourcesBuildPhase;
			buildActionMask = 2147483647;
			files = (
				1E9AA22D2E7C0F1500FEA0D4 /* APICaller.swift in Sources */,
				1E9AA22E2E7C0F1500FEA0D4 /* HelperClass.swift in Sources */,
				1E9AA22F2E7C0F1500FEA0D4 /* URLS.swift in Sources */,
			);
			runOnlyForDeploymentPostprocessing = 0;
		};
		A1338FE1298ABB02007DC669 /* Sources */ = {
			isa = PBXSourcesBuildPhase;
			buildActionMask = 2147483647;
			files = (
				1E9AA2302E7C0F1500FEA0D4 /* APICaller.swift in Sources */,
				1E9AA2312E7C0F1500FEA0D4 /* HelperClass.swift in Sources */,
				1E9AA2322E7C0F1500FEA0D4 /* URLS.swift in Sources */,
				1E7715832E6579B3005914E9 /* UIHelpers.swift in Sources */,
				A1338FED298ABB02007DC669 /* GettingStartedVC.swift in Sources */,
				1EE787172E79896F000E62E3 /* SafeCopyViewController.swift in Sources */,
				A1BB899E2A5A0A120038A0E0 /* GettingStartedVC_Page2.swift in Sources */,
				A1BB89A02A5ABD610038A0E0 /* GettingStartedVC_Page3.swift in Sources */,
				A1338FE9298ABB02007DC669 /* AppDelegate.swift in Sources */,
				A1338FEB298ABB02007DC669 /* SceneDelegate.swift in Sources */,
				A1BB899B2A59C3AF0038A0E0 /* FusionENSButton.swift in Sources */,
				NEW0012A490A3600A0D0C4 /* ENSManagerViewController.swift in Sources */,
				NEW0022A490A3600A0D0C4 /* ENSNameTableViewCell.swift in Sources */,
				NEW0032A490A3600A0D0C4 /* AddENSNameViewController.swift in Sources */,
				NEW0033A490A3600A0D0C4 /* AddContactViewController.swift in Sources */,
				NEW0042A490A3600A0D0C4 /* PaymentRequestViewController.swift in Sources */,
				NEW0052A490A3600A0D0C4 /* QRSuccessPopupViewController.swift in Sources */,
				NEW0062A490A3600A0D0C4 /* SettingsViewController.swift in Sources */,
				NEW0072A490A3600A0D0C4 /* ContactsViewController.swift in Sources */,
				NEW0082A490A3600A0D0C4 /* MainTabBarController.swift in Sources */,
				NEW0102A490A3600A0D0C4 /* KeyboardGuideViewController.swift in Sources */,
				NEW0092A490A3600A0D0C4 /* ColorTheme.swift in Sources */,
			);
			runOnlyForDeploymentPostprocessing = 0;
		};
		A1338FFC298ABB64007DC669 /* Sources */ = {
			isa = PBXSourcesBuildPhase;
			buildActionMask = 2147483647;
			files = (
				A1339015298ABF82007DC669 /* FusionENSAutoCompleteProvider.swift in Sources */,
				A1339003298ABB64007DC669 /* KeyboardViewController.swift in Sources */,
				A133901B298AC232007DC669 /* FusionENSKeyboardLayoutProvider.swift in Sources */,
				1E9AA22A2E7C0F1500FEA0D4 /* APICaller.swift in Sources */,
				1E9AA22B2E7C0F1500FEA0D4 /* HelperClass.swift in Sources */,
				1E9AA22C2E7C0F1500FEA0D4 /* URLS.swift in Sources */,
				A133901D298AC290007DC669 /* KeyboardView.swift in Sources */,
				A1339017298AC072007DC669 /* FusionENSKeyboardAppearance.swift in Sources */,
				A1339019298AC0D6007DC669 /* FusionENSKeyboardActionHandler.swift in Sources */,
			);
			runOnlyForDeploymentPostprocessing = 0;
		};
/* End PBXSourcesBuildPhase section */

/* Begin PBXTargetDependency section */
		1E770F4B2E93B76D00801033 /* PBXTargetDependency */ = {
			isa = PBXTargetDependency;
			target = A1338FE4298ABB02007DC669 /* Fusion ENS */;
			targetProxy = 1E770F4A2E93B76D00801033 /* PBXContainerItemProxy */;
		};
		1E9AA2032E7ACF6800FEA0D4 /* PBXTargetDependency */ = {
			isa = PBXTargetDependency;
			target = 1E9AA1FC2E7ACF6800FEA0D4 /* FusionENSUIKitKeyboard */;
			targetProxy = 1E9AA2022E7ACF6800FEA0D4 /* PBXContainerItemProxy */;
		};
		A1339006298ABB64007DC669 /* PBXTargetDependency */ = {
			isa = PBXTargetDependency;
			target = A1338FFF298ABB64007DC669 /* FusionENSKeyboard */;
			targetProxy = A1339005298ABB64007DC669 /* PBXContainerItemProxy */;
		};
/* End PBXTargetDependency section */

/* Begin PBXVariantGroup section */
		A1338FEE298ABB02007DC669 /* Main.storyboard */ = {
			isa = PBXVariantGroup;
			children = (
				A1338FEF298ABB02007DC669 /* Base */,
			);
			name = Main.storyboard;
			sourceTree = "<group>";
		};
		A1338FF3298ABB06007DC669 /* LaunchScreen.storyboard */ = {
			isa = PBXVariantGroup;
			children = (
				A1338FF4298ABB06007DC669 /* Base */,
			);
			name = LaunchScreen.storyboard;
			sourceTree = "<group>";
		};
/* End PBXVariantGroup section */

/* Begin XCBuildConfiguration section */
		1E770F4D2E93B76D00801033 /* Debug */ = {
			isa = XCBuildConfiguration;
			buildSettings = {
				BUNDLE_LOADER = "$(TEST_HOST)";
				CODE_SIGN_STYLE = Automatic;
				CURRENT_PROJECT_VERSION = 1;
				DEVELOPMENT_TEAM = WC7S9A7PR9;
				GCC_C_LANGUAGE_STANDARD = gnu17;
				GENERATE_INFOPLIST_FILE = YES;
				IPHONEOS_DEPLOYMENT_TARGET = 26.0;
				LOCALIZATION_PREFERS_STRING_CATALOGS = YES;
				MARKETING_VERSION = 1.1.1;
				PRODUCT_BUNDLE_IDENTIFIER = com.fusionens.FusionENSTests;
				PRODUCT_NAME = "$(TARGET_NAME)";
				STRING_CATALOG_GENERATE_SYMBOLS = NO;
				SWIFT_ACTIVE_COMPILATION_CONDITIONS = "DEBUG $(inherited)";
				SWIFT_APPROACHABLE_CONCURRENCY = YES;
				SWIFT_EMIT_LOC_STRINGS = NO;
				SWIFT_UPCOMING_FEATURE_MEMBER_IMPORT_VISIBILITY = YES;
				SWIFT_VERSION = 5.0;
				TARGETED_DEVICE_FAMILY = "1,2";
				TEST_HOST = "$(BUILT_PRODUCTS_DIR)/Fusion ENS.app/$(BUNDLE_EXECUTABLE_FOLDER_PATH)/Fusion ENS";
			};
			name = Debug;
		};
		1E770F4E2E93B76D00801033 /* Release */ = {
			isa = XCBuildConfiguration;
			buildSettings = {
				BUNDLE_LOADER = "$(TEST_HOST)";
				CODE_SIGN_STYLE = Automatic;
				CURRENT_PROJECT_VERSION = 1;
				DEVELOPMENT_TEAM = WC7S9A7PR9;
				GCC_C_LANGUAGE_STANDARD = gnu17;
				GENERATE_INFOPLIST_FILE = YES;
				IPHONEOS_DEPLOYMENT_TARGET = 26.0;
				LOCALIZATION_PREFERS_STRING_CATALOGS = YES;
				MARKETING_VERSION = 1.1.1;
				PRODUCT_BUNDLE_IDENTIFIER = com.fusionens.FusionENSTests;
				PRODUCT_NAME = "$(TARGET_NAME)";
				STRING_CATALOG_GENERATE_SYMBOLS = NO;
				SWIFT_APPROACHABLE_CONCURRENCY = YES;
				SWIFT_EMIT_LOC_STRINGS = NO;
				SWIFT_UPCOMING_FEATURE_MEMBER_IMPORT_VISIBILITY = YES;
				SWIFT_VERSION = 5.0;
				TARGETED_DEVICE_FAMILY = "1,2";
				TEST_HOST = "$(BUILT_PRODUCTS_DIR)/Fusion ENS.app/$(BUNDLE_EXECUTABLE_FOLDER_PATH)/Fusion ENS";
			};
			name = Release;
		};
		1E9AA2072E7ACF6900FEA0D4 /* Debug */ = {
			isa = XCBuildConfiguration;
			buildSettings = {
				ASSETCATALOG_COMPILER_GENERATE_SWIFT_ASSET_SYMBOL_EXTENSIONS = YES;
				CODE_SIGN_ENTITLEMENTS = FusionENSUIKitKeyboard/FusionENSUIKitKeyboard.entitlements;
				CODE_SIGN_STYLE = Automatic;
				CURRENT_PROJECT_VERSION = 1;
				DEVELOPMENT_TEAM = WC7S9A7PR9;
				GCC_C_LANGUAGE_STANDARD = gnu17;
				GENERATE_INFOPLIST_FILE = YES;
				INFOPLIST_FILE = FusionENSUIKitKeyboard/Info.plist;
				INFOPLIST_KEY_CFBundleDisplayName = Pro;
				INFOPLIST_KEY_NSHumanReadableCopyright = "";
				IPHONEOS_DEPLOYMENT_TARGET = 16.0;
				LD_RUNPATH_SEARCH_PATHS = (
					"$(inherited)",
					"@executable_path/Frameworks",
					"@executable_path/../../Frameworks",
				);
				LOCALIZATION_PREFERS_STRING_CATALOGS = YES;
				MARKETING_VERSION = 1.1.1;
				PRODUCT_BUNDLE_IDENTIFIER = com.fusionens.FusionENSApp.FusionENSUIKitKeyboard;
				PRODUCT_NAME = "$(TARGET_NAME)";
				SKIP_INSTALL = YES;
				SWIFT_ACTIVE_COMPILATION_CONDITIONS = "DEBUG $(inherited)";
				SWIFT_EMIT_LOC_STRINGS = YES;
				SWIFT_VERSION = 5.0;
				TARGETED_DEVICE_FAMILY = "1,2";
			};
			name = Debug;
		};
		1E9AA2082E7ACF6900FEA0D4 /* Release */ = {
			isa = XCBuildConfiguration;
			buildSettings = {
				ASSETCATALOG_COMPILER_GENERATE_SWIFT_ASSET_SYMBOL_EXTENSIONS = YES;
				CODE_SIGN_ENTITLEMENTS = FusionENSUIKitKeyboard/FusionENSUIKitKeyboard.entitlements;
				CODE_SIGN_STYLE = Automatic;
				CURRENT_PROJECT_VERSION = 1;
				DEVELOPMENT_TEAM = WC7S9A7PR9;
				GCC_C_LANGUAGE_STANDARD = gnu17;
				GENERATE_INFOPLIST_FILE = YES;
				INFOPLIST_FILE = FusionENSUIKitKeyboard/Info.plist;
				INFOPLIST_KEY_CFBundleDisplayName = Pro;
				INFOPLIST_KEY_NSHumanReadableCopyright = "";
				IPHONEOS_DEPLOYMENT_TARGET = 16.0;
				LD_RUNPATH_SEARCH_PATHS = (
					"$(inherited)",
					"@executable_path/Frameworks",
					"@executable_path/../../Frameworks",
				);
				LOCALIZATION_PREFERS_STRING_CATALOGS = YES;
				MARKETING_VERSION = 1.1.1;
				PRODUCT_BUNDLE_IDENTIFIER = com.fusionens.FusionENSApp.FusionENSUIKitKeyboard;
				PRODUCT_NAME = "$(TARGET_NAME)";
				SKIP_INSTALL = YES;
				SWIFT_EMIT_LOC_STRINGS = YES;
				SWIFT_VERSION = 5.0;
				TARGETED_DEVICE_FAMILY = "1,2";
			};
			name = Release;
		};
		A1338FF7298ABB06007DC669 /* Debug */ = {
			isa = XCBuildConfiguration;
			buildSettings = {
				ALWAYS_SEARCH_USER_PATHS = NO;
				ASSETCATALOG_COMPILER_GENERATE_SWIFT_ASSET_SYMBOL_EXTENSIONS = YES;
				CLANG_ANALYZER_NONNULL = YES;
				CLANG_ANALYZER_NUMBER_OBJECT_CONVERSION = YES_AGGRESSIVE;
				CLANG_CXX_LANGUAGE_STANDARD = "gnu++20";
				CLANG_ENABLE_MODULES = YES;
				CLANG_ENABLE_OBJC_ARC = YES;
				CLANG_ENABLE_OBJC_WEAK = YES;
				CLANG_WARN_BLOCK_CAPTURE_AUTORELEASING = YES;
				CLANG_WARN_BOOL_CONVERSION = YES;
				CLANG_WARN_COMMA = YES;
				CLANG_WARN_CONSTANT_CONVERSION = YES;
				CLANG_WARN_DEPRECATED_OBJC_IMPLEMENTATIONS = YES;
				CLANG_WARN_DIRECT_OBJC_ISA_USAGE = YES_ERROR;
				CLANG_WARN_DOCUMENTATION_COMMENTS = YES;
				CLANG_WARN_EMPTY_BODY = YES;
				CLANG_WARN_ENUM_CONVERSION = YES;
				CLANG_WARN_INFINITE_RECURSION = YES;
				CLANG_WARN_INT_CONVERSION = YES;
				CLANG_WARN_NON_LITERAL_NULL_CONVERSION = YES;
				CLANG_WARN_OBJC_IMPLICIT_RETAIN_SELF = YES;
				CLANG_WARN_OBJC_LITERAL_CONVERSION = YES;
				CLANG_WARN_OBJC_ROOT_CLASS = YES_ERROR;
				CLANG_WARN_QUOTED_INCLUDE_IN_FRAMEWORK_HEADER = YES;
				CLANG_WARN_RANGE_LOOP_ANALYSIS = YES;
				CLANG_WARN_STRICT_PROTOTYPES = YES;
				CLANG_WARN_SUSPICIOUS_MOVE = YES;
				CLANG_WARN_UNGUARDED_AVAILABILITY = YES_AGGRESSIVE;
				CLANG_WARN_UNREACHABLE_CODE = YES;
				CLANG_WARN__DUPLICATE_METHOD_MATCH = YES;
				COPY_PHASE_STRIP = NO;
				DEBUG_INFORMATION_FORMAT = dwarf;
				DEVELOPMENT_TEAM = WC7S9A7PR9;
				ENABLE_STRICT_OBJC_MSGSEND = YES;
				ENABLE_TESTABILITY = YES;
				ENABLE_USER_SCRIPT_SANDBOXING = YES;
				GCC_C_LANGUAGE_STANDARD = gnu11;
				GCC_DYNAMIC_NO_PIC = NO;
				GCC_NO_COMMON_BLOCKS = YES;
				GCC_OPTIMIZATION_LEVEL = 0;
				GCC_PREPROCESSOR_DEFINITIONS = (
					"DEBUG=1",
					"$(inherited)",
				);
				GCC_WARN_64_TO_32_BIT_CONVERSION = YES;
				GCC_WARN_ABOUT_RETURN_TYPE = YES_ERROR;
				GCC_WARN_UNDECLARED_SELECTOR = YES;
				GCC_WARN_UNINITIALIZED_AUTOS = YES_AGGRESSIVE;
				GCC_WARN_UNUSED_FUNCTION = YES;
				GCC_WARN_UNUSED_VARIABLE = YES;
				IPHONEOS_DEPLOYMENT_TARGET = 16.0;
				MTL_ENABLE_DEBUG_INFO = INCLUDE_SOURCE;
				MTL_FAST_MATH = YES;
				ONLY_ACTIVE_ARCH = YES;
				SDKROOT = iphoneos;
				STRING_CATALOG_GENERATE_SYMBOLS = YES;
				SWIFT_ACTIVE_COMPILATION_CONDITIONS = DEBUG;
				SWIFT_OPTIMIZATION_LEVEL = "-Onone";
			};
			name = Debug;
		};
		A1338FF8298ABB06007DC669 /* Release */ = {
			isa = XCBuildConfiguration;
			buildSettings = {
				ALWAYS_SEARCH_USER_PATHS = NO;
				ASSETCATALOG_COMPILER_GENERATE_SWIFT_ASSET_SYMBOL_EXTENSIONS = YES;
				CLANG_ANALYZER_NONNULL = YES;
				CLANG_ANALYZER_NUMBER_OBJECT_CONVERSION = YES_AGGRESSIVE;
				CLANG_CXX_LANGUAGE_STANDARD = "gnu++20";
				CLANG_ENABLE_MODULES = YES;
				CLANG_ENABLE_OBJC_ARC = YES;
				CLANG_ENABLE_OBJC_WEAK = YES;
				CLANG_WARN_BLOCK_CAPTURE_AUTORELEASING = YES;
				CLANG_WARN_BOOL_CONVERSION = YES;
				CLANG_WARN_COMMA = YES;
				CLANG_WARN_CONSTANT_CONVERSION = YES;
				CLANG_WARN_DEPRECATED_OBJC_IMPLEMENTATIONS = YES;
				CLANG_WARN_DIRECT_OBJC_ISA_USAGE = YES_ERROR;
				CLANG_WARN_DOCUMENTATION_COMMENTS = YES;
				CLANG_WARN_EMPTY_BODY = YES;
				CLANG_WARN_ENUM_CONVERSION = YES;
				CLANG_WARN_INFINITE_RECURSION = YES;
				CLANG_WARN_INT_CONVERSION = YES;
				CLANG_WARN_NON_LITERAL_NULL_CONVERSION = YES;
				CLANG_WARN_OBJC_IMPLICIT_RETAIN_SELF = YES;
				CLANG_WARN_OBJC_LITERAL_CONVERSION = YES;
				CLANG_WARN_OBJC_ROOT_CLASS = YES_ERROR;
				CLANG_WARN_QUOTED_INCLUDE_IN_FRAMEWORK_HEADER = YES;
				CLANG_WARN_RANGE_LOOP_ANALYSIS = YES;
				CLANG_WARN_STRICT_PROTOTYPES = YES;
				CLANG_WARN_SUSPICIOUS_MOVE = YES;
				CLANG_WARN_UNGUARDED_AVAILABILITY = YES_AGGRESSIVE;
				CLANG_WARN_UNREACHABLE_CODE = YES;
				CLANG_WARN__DUPLICATE_METHOD_MATCH = YES;
				COPY_PHASE_STRIP = NO;
				DEBUG_INFORMATION_FORMAT = "dwarf-with-dsym";
				DEVELOPMENT_TEAM = WC7S9A7PR9;
				ENABLE_NS_ASSERTIONS = NO;
				ENABLE_STRICT_OBJC_MSGSEND = YES;
				ENABLE_USER_SCRIPT_SANDBOXING = YES;
				GCC_C_LANGUAGE_STANDARD = gnu11;
				GCC_NO_COMMON_BLOCKS = YES;
				GCC_WARN_64_TO_32_BIT_CONVERSION = YES;
				GCC_WARN_ABOUT_RETURN_TYPE = YES_ERROR;
				GCC_WARN_UNDECLARED_SELECTOR = YES;
				GCC_WARN_UNINITIALIZED_AUTOS = YES_AGGRESSIVE;
				GCC_WARN_UNUSED_FUNCTION = YES;
				GCC_WARN_UNUSED_VARIABLE = YES;
				IPHONEOS_DEPLOYMENT_TARGET = 16.0;
				MTL_ENABLE_DEBUG_INFO = NO;
				MTL_FAST_MATH = YES;
				SDKROOT = iphoneos;
				STRING_CATALOG_GENERATE_SYMBOLS = YES;
				SWIFT_COMPILATION_MODE = wholemodule;
				SWIFT_OPTIMIZATION_LEVEL = "-O";
				VALIDATE_PRODUCT = YES;
			};
			name = Release;
		};
		A1338FFA298ABB06007DC669 /* Debug */ = {
			isa = XCBuildConfiguration;
			buildSettings = {
				ASSETCATALOG_COMPILER_APPICON_NAME = AppIcon;
				ASSETCATALOG_COMPILER_GLOBAL_ACCENT_COLOR_NAME = AccentColor;
				ASSETCATALOG_COMPILER_INCLUDE_ALL_APPICON_ASSETS = YES;
				CODE_SIGN_ENTITLEMENTS = "Fusion ENS.entitlements";
				CODE_SIGN_IDENTITY = "Apple Development";
				CODE_SIGN_STYLE = Automatic;
				CURRENT_PROJECT_VERSION = 1;
				DEVELOPMENT_TEAM = WC7S9A7PR9;
				GENERATE_INFOPLIST_FILE = YES;
				INFOPLIST_FILE = FusionENSApp/Info.plist;
				INFOPLIST_KEY_CFBundleDisplayName = "Fusion ENS";
				INFOPLIST_KEY_ITSAppUsesNonExemptEncryption = NO;
				INFOPLIST_KEY_LSApplicationCategoryType = "public.app-category.productivity";
				INFOPLIST_KEY_UIApplicationSupportsIndirectInputEvents = YES;
				INFOPLIST_KEY_UILaunchStoryboardName = LaunchScreen;
				INFOPLIST_KEY_UIRequiredDeviceCapabilities = armv7;
				INFOPLIST_KEY_UISupportedInterfaceOrientations = "UIInterfaceOrientationPortrait UIInterfaceOrientationLandscapeLeft UIInterfaceOrientationLandscapeRight";
				INFOPLIST_KEY_UISupportedInterfaceOrientations_iPad = "UIInterfaceOrientationPortrait UIInterfaceOrientationPortraitUpsideDown UIInterfaceOrientationLandscapeLeft UIInterfaceOrientationLandscapeRight";
				INFOPLIST_KEY_UISupportedInterfaceOrientations_iPhone = "UIInterfaceOrientationPortrait UIInterfaceOrientationLandscapeLeft UIInterfaceOrientationLandscapeRight";
				LD_RUNPATH_SEARCH_PATHS = (
					"$(inherited)",
					"@executable_path/Frameworks",
				);
				MARKETING_VERSION = 1.1.1;
				PRODUCT_BUNDLE_IDENTIFIER = com.fusionens.FusionENSApp;
				PRODUCT_NAME = "$(TARGET_NAME)";
				PROVISIONING_PROFILE_SPECIFIER = "";
				SUPPORTED_PLATFORMS = "iphoneos iphonesimulator";
				SUPPORTS_MACCATALYST = NO;
				SUPPORTS_MAC_DESIGNED_FOR_IPHONE_IPAD = NO;
				SWIFT_EMIT_LOC_STRINGS = YES;
				SWIFT_VERSION = 5.0;
				TARGETED_DEVICE_FAMILY = "1,2";
			};
			name = Debug;
		};
		A1338FFB298ABB06007DC669 /* Release */ = {
			isa = XCBuildConfiguration;
			buildSettings = {
				ASSETCATALOG_COMPILER_APPICON_NAME = AppIcon;
				ASSETCATALOG_COMPILER_GLOBAL_ACCENT_COLOR_NAME = AccentColor;
				ASSETCATALOG_COMPILER_INCLUDE_ALL_APPICON_ASSETS = YES;
				CODE_SIGN_ENTITLEMENTS = FusionENSApp/FusionENSAppRelease.entitlements;
				CODE_SIGN_IDENTITY = "Apple Development";
				CODE_SIGN_STYLE = Automatic;
				CURRENT_PROJECT_VERSION = 1;
				DEVELOPMENT_TEAM = WC7S9A7PR9;
				GENERATE_INFOPLIST_FILE = YES;
				INFOPLIST_FILE = FusionENSApp/Info.plist;
				INFOPLIST_KEY_CFBundleDisplayName = "Fusion ENS";
				INFOPLIST_KEY_ITSAppUsesNonExemptEncryption = NO;
				INFOPLIST_KEY_LSApplicationCategoryType = "public.app-category.productivity";
				INFOPLIST_KEY_UIApplicationSupportsIndirectInputEvents = YES;
				INFOPLIST_KEY_UILaunchStoryboardName = LaunchScreen;
				INFOPLIST_KEY_UIRequiredDeviceCapabilities = armv7;
				INFOPLIST_KEY_UISupportedInterfaceOrientations = "UIInterfaceOrientationPortrait UIInterfaceOrientationLandscapeLeft UIInterfaceOrientationLandscapeRight";
				INFOPLIST_KEY_UISupportedInterfaceOrientations_iPad = "UIInterfaceOrientationPortrait UIInterfaceOrientationPortraitUpsideDown UIInterfaceOrientationLandscapeLeft UIInterfaceOrientationLandscapeRight";
				INFOPLIST_KEY_UISupportedInterfaceOrientations_iPhone = "UIInterfaceOrientationPortrait UIInterfaceOrientationLandscapeLeft UIInterfaceOrientationLandscapeRight";
				LD_RUNPATH_SEARCH_PATHS = (
					"$(inherited)",
					"@executable_path/Frameworks",
				);
				MARKETING_VERSION = 1.1.1;
				PRODUCT_BUNDLE_IDENTIFIER = com.fusionens.FusionENSApp;
				PRODUCT_NAME = "$(TARGET_NAME)";
				PROVISIONING_PROFILE_SPECIFIER = "";
				SUPPORTED_PLATFORMS = "iphoneos iphonesimulator";
				SUPPORTS_MACCATALYST = NO;
				SUPPORTS_MAC_DESIGNED_FOR_IPHONE_IPAD = NO;
				SWIFT_EMIT_LOC_STRINGS = YES;
				SWIFT_VERSION = 5.0;
				TARGETED_DEVICE_FAMILY = "1,2";
			};
			name = Release;
		};
		A1339009298ABB64007DC669 /* Debug */ = {
			isa = XCBuildConfiguration;
			buildSettings = {
				CODE_SIGN_ENTITLEMENTS = FusionENSKeyboard/FusionENSKeyboard.entitlements;
				CODE_SIGN_STYLE = Automatic;
				CURRENT_PROJECT_VERSION = 1;
				DEVELOPMENT_TEAM = WC7S9A7PR9;
				ENABLE_APP_SANDBOX = YES;
				ENABLE_INCOMING_NETWORK_CONNECTIONS = YES;
				ENABLE_OUTGOING_NETWORK_CONNECTIONS = YES;
				ENABLE_RESOURCE_ACCESS_AUDIO_INPUT = YES;
				ENABLE_RESOURCE_ACCESS_CAMERA = YES;
				GENERATE_INFOPLIST_FILE = YES;
				INFOPLIST_FILE = FusionENSKeyboard/Info.plist;
				INFOPLIST_KEY_CFBundleDisplayName = Basic;
				INFOPLIST_KEY_NSHumanReadableCopyright = "Copyright © 2025 Fusion ENS. All rights reserved.";
				LD_RUNPATH_SEARCH_PATHS = (
					"$(inherited)",
					"@executable_path/Frameworks",
					"@executable_path/../../Frameworks",
				);
				MARKETING_VERSION = 1.1.1;
				PRODUCT_BUNDLE_IDENTIFIER = com.fusionens.FusionENSApp.FusionENSKeyboard;
				PRODUCT_NAME = "$(TARGET_NAME)";
				PROVISIONING_PROFILE_SPECIFIER = "";
				SKIP_INSTALL = YES;
				SWIFT_EMIT_LOC_STRINGS = YES;
				SWIFT_VERSION = 5.0;
				TARGETED_DEVICE_FAMILY = "1,2";
			};
			name = Debug;
		};
		A133900A298ABB64007DC669 /* Release */ = {
			isa = XCBuildConfiguration;
			buildSettings = {
				CODE_SIGN_ENTITLEMENTS = FusionENSKeyboard/FusionENSKeyboard.entitlements;
				CODE_SIGN_STYLE = Automatic;
				CURRENT_PROJECT_VERSION = 1;
				DEVELOPMENT_TEAM = WC7S9A7PR9;
				ENABLE_APP_SANDBOX = YES;
				ENABLE_INCOMING_NETWORK_CONNECTIONS = YES;
				ENABLE_OUTGOING_NETWORK_CONNECTIONS = YES;
				ENABLE_RESOURCE_ACCESS_AUDIO_INPUT = YES;
				ENABLE_RESOURCE_ACCESS_CAMERA = YES;
				GENERATE_INFOPLIST_FILE = YES;
				INFOPLIST_FILE = FusionENSKeyboard/Info.plist;
				INFOPLIST_KEY_CFBundleDisplayName = Basic;
				INFOPLIST_KEY_NSHumanReadableCopyright = "Copyright © 2025 Fusion ENS. All rights reserved.";
				LD_RUNPATH_SEARCH_PATHS = (
					"$(inherited)",
					"@executable_path/Frameworks",
					"@executable_path/../../Frameworks",
				);
				MARKETING_VERSION = 1.1.1;
				PRODUCT_BUNDLE_IDENTIFIER = com.fusionens.FusionENSApp.FusionENSKeyboard;
				PRODUCT_NAME = "$(TARGET_NAME)";
				PROVISIONING_PROFILE_SPECIFIER = "";
				SKIP_INSTALL = YES;
				SWIFT_EMIT_LOC_STRINGS = YES;
				SWIFT_VERSION = 5.0;
				TARGETED_DEVICE_FAMILY = "1,2";
			};
			name = Release;
		};
/* End XCBuildConfiguration section */

/* Begin XCConfigurationList section */
		1E770F4C2E93B76D00801033 /* Build configuration list for PBXNativeTarget "FusionENSTests" */ = {
			isa = XCConfigurationList;
			buildConfigurations = (
				1E770F4D2E93B76D00801033 /* Debug */,
				1E770F4E2E93B76D00801033 /* Release */,
			);
			defaultConfigurationIsVisible = 0;
			defaultConfigurationName = Release;
		};
		1E9AA2062E7ACF6900FEA0D4 /* Build configuration list for PBXNativeTarget "FusionENSUIKitKeyboard" */ = {
			isa = XCConfigurationList;
			buildConfigurations = (
				1E9AA2072E7ACF6900FEA0D4 /* Debug */,
				1E9AA2082E7ACF6900FEA0D4 /* Release */,
			);
			defaultConfigurationIsVisible = 0;
			defaultConfigurationName = Release;
		};
		A1338FE0298ABB02007DC669 /* Build configuration list for PBXProject "Fusion ENS" */ = {
			isa = XCConfigurationList;
			buildConfigurations = (
				A1338FF7298ABB06007DC669 /* Debug */,
				A1338FF8298ABB06007DC669 /* Release */,
			);
			defaultConfigurationIsVisible = 0;
			defaultConfigurationName = Release;
		};
		A1338FF9298ABB06007DC669 /* Build configuration list for PBXNativeTarget "Fusion ENS" */ = {
			isa = XCConfigurationList;
			buildConfigurations = (
				A1338FFA298ABB06007DC669 /* Debug */,
				A1338FFB298ABB06007DC669 /* Release */,
			);
			defaultConfigurationIsVisible = 0;
			defaultConfigurationName = Release;
		};
		A1339008298ABB64007DC669 /* Build configuration list for PBXNativeTarget "FusionENSKeyboard" */ = {
			isa = XCConfigurationList;
			buildConfigurations = (
				A1339009298ABB64007DC669 /* Debug */,
				A133900A298ABB64007DC669 /* Release */,
			);
			defaultConfigurationIsVisible = 0;
			defaultConfigurationName = Release;
		};
/* End XCConfigurationList section */

/* Begin XCLocalSwiftPackageReference section */
		1E4B86E22E844C79000D679C /* XCLocalSwiftPackageReference "FusionENSShared" */ = {
			isa = XCLocalSwiftPackageReference;
			relativePath = FusionENSShared;
		};
/* End XCLocalSwiftPackageReference section */

/* Begin XCRemoteSwiftPackageReference section */
		A17DFA842A48F93E003FB8B5 /* XCRemoteSwiftPackageReference "KeyboardKit" */ = {
			isa = XCRemoteSwiftPackageReference;
			repositoryURL = "https://github.com/KeyboardKit/KeyboardKit.git";
			requirement = {
				branch = master;
				kind = branch;
			};
		};
		A1BB898E2A599A820038A0E0 /* XCRemoteSwiftPackageReference "SnapKit" */ = {
			isa = XCRemoteSwiftPackageReference;
			repositoryURL = "https://github.com/SnapKit/SnapKit.git";
			requirement = {
				kind = upToNextMajorVersion;
				minimumVersion = 5.0.0;
			};
		};
		A1BCEF1B2A490A3600A0D0C4 /* XCRemoteSwiftPackageReference "Alamofire" */ = {
			isa = XCRemoteSwiftPackageReference;
			repositoryURL = "https://github.com/Alamofire/Alamofire.git";
			requirement = {
				kind = upToNextMajorVersion;
				minimumVersion = 5.0.0;
			};
		};
/* End XCRemoteSwiftPackageReference section */

/* Begin XCSwiftPackageProductDependency section */
		1E4B86E32E844C82000D679C /* FusionENSShared */ = {
			isa = XCSwiftPackageProductDependency;
			package = 1E4B86E22E844C79000D679C /* XCLocalSwiftPackageReference "FusionENSShared" */;
			productName = FusionENSShared;
		};
		1E4B86E52E844C8A000D679C /* FusionENSShared */ = {
			isa = XCSwiftPackageProductDependency;
			package = 1E4B86E22E844C79000D679C /* XCLocalSwiftPackageReference "FusionENSShared" */;
			productName = FusionENSShared;
		};
		1E770F5B2E93C20000801033 /* FusionENSShared */ = {
			isa = XCSwiftPackageProductDependency;
			package = 1E4B86E22E844C79000D679C /* XCLocalSwiftPackageReference "FusionENSShared" */;
			productName = FusionENSShared;
		};
		1E9AA2162E7AFB0800FEA0D4 /* Alamofire */ = {
			isa = XCSwiftPackageProductDependency;
			package = A1BCEF1B2A490A3600A0D0C4 /* XCRemoteSwiftPackageReference "Alamofire" */;
			productName = Alamofire;
		};
		A17DFA852A48F93E003FB8B5 /* KeyboardKit */ = {
			isa = XCSwiftPackageProductDependency;
			package = A17DFA842A48F93E003FB8B5 /* XCRemoteSwiftPackageReference "KeyboardKit" */;
			productName = KeyboardKit;
		};
		A17DFA872A48F950003FB8B5 /* KeyboardKit */ = {
			isa = XCSwiftPackageProductDependency;
			productName = KeyboardKit;
		};
		A1BB898F2A599A820038A0E0 /* SnapKit */ = {
			isa = XCSwiftPackageProductDependency;
			package = A1BB898E2A599A820038A0E0 /* XCRemoteSwiftPackageReference "SnapKit" */;
			productName = SnapKit;
		};
		A1BCEF1C2A490A3600A0D0C4 /* Alamofire */ = {
			isa = XCSwiftPackageProductDependency;
			package = A1BCEF1B2A490A3600A0D0C4 /* XCRemoteSwiftPackageReference "Alamofire" */;
			productName = Alamofire;
		};
		A1BCEF1E2A490A5E00A0D0C4 /* Alamofire */ = {
			isa = XCSwiftPackageProductDependency;
			package = A1BCEF1B2A490A3600A0D0C4 /* XCRemoteSwiftPackageReference "Alamofire" */;
			productName = Alamofire;
		};
/* End XCSwiftPackageProductDependency section */
	};
	rootObject = A1338FDD298ABB02007DC669 /* Project object */;
}
